{
  "nodes": {
    "home-manager": {
      "inputs": {
        "nixpkgs": [
          "nixpkgs"
        ]
      },
      "locked": {
        "lastModified": 1756954499,
        "narHash": "sha256-Pg4xBHzvzNY8l9x/rLWoJMnIR8ebG+xeU+IyqThIkqU=",
        "owner": "nix-community",
        "repo": "home-manager",
        "rev": "ed1a98c375450dfccf427adacd2bfd1a7b22eb25",
        "type": "github"
      },
      "original": {
        "owner": "nix-community",
        "ref": "master",
        "repo": "home-manager",
        "type": "github"
      }
    },
    "kolide-launcher": {
      "inputs": {
        "nixpkgs": [
          "nixpkgs"
        ]
      },
      "locked": {
        "lastModified": 1754409882,
        "narHash": "sha256-KB3wHSrFMzQemZoAU6WHmD/p3iGwj59B/Dw/LyjnMXc=",
        "owner": "kolide",
        "repo": "nix-agent",
        "rev": "9861a1c126514d11a7100edae87ddfce31be909c",
        "type": "github"
      },
      "original": {
        "owner": "kolide",
        "ref": "main",
        "repo": "nix-agent",
        "type": "github"
      }
    },
    "nixpkgs": {
      "locked": {
        "lastModified": 1756787288,
        "narHash": "sha256-rw/PHa1cqiePdBxhF66V7R+WAP8WekQ0mCDG4CFqT8Y=",
        "owner": "NixOS",
        "repo": "nixpkgs",
        "rev": "d0fc30899600b9b3466ddb260fd83deb486c32f1",
        "type": "github"
      },
      "original": {
        "owner": "NixOS",
        "ref": "nixos-unstable",
        "repo": "nixpkgs",
        "type": "github"
      }
    },
    "nixpkgs_2": {
      "locked": {
        "lastModified": 1744536153,
        "narHash": "sha256-awS2zRgF4uTwrOKwwiJcByDzDOdo3Q1rPZbiHQg/N38=",
        "owner": "NixOS",
        "repo": "nixpkgs",
        "rev": "18dd725c29603f582cf1900e0d25f9f1063dbf11",
        "type": "github"
      },
      "original": {
        "owner": "NixOS",
        "ref": "nixpkgs-unstable",
        "repo": "nixpkgs",
        "type": "github"
      }
    },
    "root": {
      "inputs": {
        "home-manager": "home-manager",
        "kolide-launcher": "kolide-launcher",
        "nixpkgs": "nixpkgs",
        "whispering": "whispering"
      }
    },
    "rust-overlay": {
      "inputs": {
        "nixpkgs": "nixpkgs_2"
      },
      "locked": {
        "lastModified": 1756521112,
        "narHash": "sha256-/YW9DI+vZ2lbTvYAek6BsudUXdpWr0FybTDod4P42L4=",
        "owner": "oxalica",
        "repo": "rust-overlay",
        "rev": "2243e3f251ea18486f83133cf8e325d2b9b71e89",
        "type": "github"
      },
      "original": {
        "owner": "oxalica",
        "repo": "rust-overlay",
        "type": "github"
      }
    },
    "whispering": {
      "inputs": {
        "nixpkgs": [
          "nixpkgs"
        ],
        "rust-overlay": "rust-overlay"
      },
      "locked": {
        "lastModified": 1756604542,
        "narHash": "sha256-tPPJ4fdQ8/2XMr6xjFg970P7dgcCwACwKfHI5cS5XvE=",
        "owner": "Narsil",
        "repo": "whispering",
        "rev": "5cf121c72713bee1565c05614f290ff7f9c8dd86",
        "type": "github"
      },
      "original": {
        "owner": "Narsil",
        "repo": "whispering",
        "type": "github"
      }
    }
  },
  "root": "root",
  "version": 7
}
