{
  "nodes": {
    "home-manager": {
      "inputs": {
        "nixpkgs": [
          "nixpkgs"
        ]
      },
      "locked": {
        "lastModified": 1743788974,
        "narHash": "sha256-2LeVyQZI2wTkSzMLvnN/kJjXVWp4HCVUoq17Bv8TNTk=",
        "owner": "nix-community",
        "repo": "home-manager",
        "rev": "0f5908daf890c3d7e7052bef1d6deb0f2710aaa1",
        "type": "github"
      },
      "original": {
        "owner": "nix-community",
        "ref": "master",
        "repo": "home-manager",
        "type": "github"
      }
    },
    "kolide-launcher": {
      "inputs": {
        "nixpkgs": [
          "nixpkgs"
        ]
      },
      "locked": {
        "lastModified": 1742581852,
        "narHash": "sha256-FgiCbOkBtPzidoLb2RIeaeAJUhKbDWjKIwmaF6k12ds=",
        "owner": "kolide",
        "repo": "nix-agent",
        "rev": "e4a6b5e05a79dd10bceb98032f3b2681ec71eab0",
        "type": "github"
      },
      "original": {
        "owner": "kolide",
        "ref": "main",
        "repo": "nix-agent",
        "type": "github"
      }
    },
    "nixpkgs": {
      "locked": {
        "lastModified": 1743583204,
        "narHash": "sha256-F7n4+KOIfWrwoQjXrL2wD9RhFYLs2/GGe/MQY1sSdlE=",
        "owner": "NixOS",
        "repo": "nixpkgs",
        "rev": "2c8d3f48d33929642c1c12cd243df4cc7d2ce434",
        "type": "github"
      },
      "original": {
        "owner": "NixOS",
        "ref": "nixos-unstable",
        "repo": "nixpkgs",
        "type": "github"
      }
    },
    "root": {
      "inputs": {
        "home-manager": "home-manager",
        "kolide-launcher": "kolide-launcher",
        "nixpkgs": "nixpkgs"
      }
    }
  },
  "root": "root",
  "version": 7
}
